
Microsoft Visual Studio Solution File, Format Version 12.00
# Visual Studio 15
VisualStudioVersion = 15.0.27004.2002
MinimumVisualStudioVersion = 10.0.40219.1
Project("{FAE04EC0-301F-11D3-BF4B-00C04F79EFBC}") = "ServiceBusQueue", "ServiceBusQueue\ServiceBusQueue.csproj", "{860D0898-6410-482D-A556-2A3BA9816311}"
EndProject
Project("{FAE04EC0-301F-11D3-BF4B-00C04F79EFBC}") = "ServiceBusQueue.Client", "ServiceBusQueue.Client\ServiceBusQueue.Client.csproj", "{A4A007A2-A763-481B-86B6-52AA6CE52A0B}"
EndProject
Global
	GlobalSection(SolutionConfigurationPlatforms) = preSolution
		Debug|Any CPU = Debug|Any CPU
		Release|Any CPU = Release|Any CPU
	EndGlobalSection
	GlobalSection(ProjectConfigurationPlatforms) = postSolution
		{860D0898-6410-482D-A556-2A3BA9816311}.Debug|Any CPU.ActiveCfg = Debug|Any CPU
		{860D0898-6410-482D-A556-2A3BA9816311}.Debug|Any CPU.Build.0 = Debug|Any CPU
		{860D0898-6410-482D-A556-2A3BA9816311}.Release|Any CPU.ActiveCfg = Release|Any CPU
		{860D0898-6410-482D-A556-2A3BA9816311}.Release|Any CPU.Build.0 = Release|Any CPU
		{A4A007A2-A763-481B-86B6-52AA6CE52A0B}.Debug|Any CPU.ActiveCfg = Debug|Any CPU
		{A4A007A2-A763-481B-86B6-52AA6CE52A0B}.Debug|Any CPU.Build.0 = Debug|Any CPU
		{A4A007A2-A763-481B-86B6-52AA6CE52A0B}.Release|Any CPU.ActiveCfg = Release|Any CPU
		{A4A007A2-A763-481B-86B6-52AA6CE52A0B}.Release|Any CPU.Build.0 = Release|Any CPU
	EndGlobalSection
	GlobalSection(SolutionProperties) = preSolution
		HideSolutionNode = FALSE
	EndGlobalSection
	GlobalSection(ExtensibilityGlobals) = postSolution
		SolutionGuid = {22E87833-8CBC-4AED-A6EE-67213723007D}
	EndGlobalSection
EndGlobal
