
Microsoft Visual Studio Solution File, Format Version 12.00
# Visual Studio 15
VisualStudioVersion = 15.0.27004.2002
MinimumVisualStudioVersion = 10.0.40219.1
Project("{9A19103F-16F7-4668-BE54-9A1E7A4F7556}") = "CadCli", "CadCli\CadCli.csproj", "{EA61CD93-EBBF-4C2D-B154-33B5F2EECBC4}"
EndProject
Project("{FAE04EC0-301F-11D3-BF4B-00C04F79EFBC}") = "CadCli.Service", "CadCli.Service\CadCli.Service.csproj", "{40F3EA5C-7454-4B15-A3CF-C3AC767D08A4}"
EndProject
Project("{FAE04EC0-301F-11D3-BF4B-00C04F79EFBC}") = "CadCli.Service.Client", "CadCli.Service.Client\CadCli.Service.Client.csproj", "{482E7F25-0313-4E27-B80F-4E9F3B559D02}"
EndProject
Project("{FAE04EC0-301F-11D3-BF4B-00C04F79EFBC}") = "CadCli.Domain", "CadCli.Domain\CadCli.Domain.csproj", "{8D93549C-95D0-4B37-9D20-5B7B7C0A5831}"
EndProject
Global
	GlobalSection(SolutionConfigurationPlatforms) = preSolution
		Debug|Any CPU = Debug|Any CPU
		Release|Any CPU = Release|Any CPU
	EndGlobalSection
	GlobalSection(ProjectConfigurationPlatforms) = postSolution
		{EA61CD93-EBBF-4C2D-B154-33B5F2EECBC4}.Debug|Any CPU.ActiveCfg = Debug|Any CPU
		{EA61CD93-EBBF-4C2D-B154-33B5F2EECBC4}.Debug|Any CPU.Build.0 = Debug|Any CPU
		{EA61CD93-EBBF-4C2D-B154-33B5F2EECBC4}.Release|Any CPU.ActiveCfg = Release|Any CPU
		{EA61CD93-EBBF-4C2D-B154-33B5F2EECBC4}.Release|Any CPU.Build.0 = Release|Any CPU
		{40F3EA5C-7454-4B15-A3CF-C3AC767D08A4}.Debug|Any CPU.ActiveCfg = Debug|Any CPU
		{40F3EA5C-7454-4B15-A3CF-C3AC767D08A4}.Debug|Any CPU.Build.0 = Debug|Any CPU
		{40F3EA5C-7454-4B15-A3CF-C3AC767D08A4}.Release|Any CPU.ActiveCfg = Release|Any CPU
		{40F3EA5C-7454-4B15-A3CF-C3AC767D08A4}.Release|Any CPU.Build.0 = Release|Any CPU
		{482E7F25-0313-4E27-B80F-4E9F3B559D02}.Debug|Any CPU.ActiveCfg = Debug|Any CPU
		{482E7F25-0313-4E27-B80F-4E9F3B559D02}.Debug|Any CPU.Build.0 = Debug|Any CPU
		{482E7F25-0313-4E27-B80F-4E9F3B559D02}.Release|Any CPU.ActiveCfg = Release|Any CPU
		{482E7F25-0313-4E27-B80F-4E9F3B559D02}.Release|Any CPU.Build.0 = Release|Any CPU
		{8D93549C-95D0-4B37-9D20-5B7B7C0A5831}.Debug|Any CPU.ActiveCfg = Debug|Any CPU
		{8D93549C-95D0-4B37-9D20-5B7B7C0A5831}.Debug|Any CPU.Build.0 = Debug|Any CPU
		{8D93549C-95D0-4B37-9D20-5B7B7C0A5831}.Release|Any CPU.ActiveCfg = Release|Any CPU
		{8D93549C-95D0-4B37-9D20-5B7B7C0A5831}.Release|Any CPU.Build.0 = Release|Any CPU
	EndGlobalSection
	GlobalSection(SolutionProperties) = preSolution
		HideSolutionNode = FALSE
	EndGlobalSection
	GlobalSection(ExtensibilityGlobals) = postSolution
		SolutionGuid = {4A10EA12-9E97-4639-A80D-F96E348CB235}
	EndGlobalSection
EndGlobal
