
Microsoft Visual Studio Solution File, Format Version 12.00
# Visual Studio 15
VisualStudioVersion = 15.0.27004.2002
MinimumVisualStudioVersion = 10.0.40219.1
Project("{FAE04EC0-301F-11D3-BF4B-00C04F79EFBC}") = "StorageQueue", "StorageQueue\StorageQueue.csproj", "{162327D5-CE7B-4B91-B514-7E669B245B26}"
EndProject
Global
	GlobalSection(SolutionConfigurationPlatforms) = preSolution
		Debug|Any CPU = Debug|Any CPU
		Release|Any CPU = Release|Any CPU
	EndGlobalSection
	GlobalSection(ProjectConfigurationPlatforms) = postSolution
		{162327D5-CE7B-4B91-B514-7E669B245B26}.Debug|Any CPU.ActiveCfg = Debug|Any CPU
		{162327D5-CE7B-4B91-B514-7E669B245B26}.Debug|Any CPU.Build.0 = Debug|Any CPU
		{162327D5-CE7B-4B91-B514-7E669B245B26}.Release|Any CPU.ActiveCfg = Release|Any CPU
		{162327D5-CE7B-4B91-B514-7E669B245B26}.Release|Any CPU.Build.0 = Release|Any CPU
	EndGlobalSection
	GlobalSection(SolutionProperties) = preSolution
		HideSolutionNode = FALSE
	EndGlobalSection
	GlobalSection(ExtensibilityGlobals) = postSolution
		SolutionGuid = {76EB0290-59EB-4D3A-A597-C40F2995BF4B}
	EndGlobalSection
EndGlobal
