
Microsoft Visual Studio Solution File, Format Version 12.00
# Visual Studio 15
VisualStudioVersion = 15.0.27004.2002
MinimumVisualStudioVersion = 10.0.40219.1
Project("{FAE04EC0-301F-11D3-BF4B-00C04F79EFBC}") = "Storage", "Storage\Storage.csproj", "{EE633225-0D4C-40E0-B53E-1BC7C23275BF}"
EndProject
Global
	GlobalSection(SolutionConfigurationPlatforms) = preSolution
		Debug|Any CPU = Debug|Any CPU
		Release|Any CPU = Release|Any CPU
	EndGlobalSection
	GlobalSection(ProjectConfigurationPlatforms) = postSolution
		{EE633225-0D4C-40E0-B53E-1BC7C23275BF}.Debug|Any CPU.ActiveCfg = Debug|Any CPU
		{EE633225-0D4C-40E0-B53E-1BC7C23275BF}.Debug|Any CPU.Build.0 = Debug|Any CPU
		{EE633225-0D4C-40E0-B53E-1BC7C23275BF}.Release|Any CPU.ActiveCfg = Release|Any CPU
		{EE633225-0D4C-40E0-B53E-1BC7C23275BF}.Release|Any CPU.Build.0 = Release|Any CPU
	EndGlobalSection
	GlobalSection(SolutionProperties) = preSolution
		HideSolutionNode = FALSE
	EndGlobalSection
	GlobalSection(ExtensibilityGlobals) = postSolution
		SolutionGuid = {DCAAE8B9-C674-4375-B3E2-34DB699E90B7}
	EndGlobalSection
EndGlobal
